// !$*UTF8*$!
{
	archiveVersion = 1;
	classes = {
	};
	objectVersion = 46;
	objects = {

/* Begin PBXBuildFile section */
		1FF61AB01E33C8B600A0AB35 /* AppDelegate.swift in Sources */ = {isa = PBXBuildFile; fileRef = 1FF61AAF1E33C8B600A0AB35 /* AppDelegate.swift */; };
		1FF61AB21E33C8B600A0AB35 /* ViewController.swift in Sources */ = {isa = PBXBuildFile; fileRef = 1FF61AB11E33C8B600A0AB35 /* ViewController.swift */; };
		1FF61AB51E33C8B600A0AB35 /* Main.storyboard in Resources */ = {isa = PBXBuildFile; fileRef = 1FF61AB31E33C8B600A0AB35 /* Main.storyboard */; };
		1FF61AB81E33C8B600A0AB35 /* helloworld.xcdatamodeld in Sources */ = {isa = PBXBuildFile; fileRef = 1FF61AB61E33C8B600A0AB35 /* helloworld.xcdatamodeld */; };
		1FF61ABA1E33C8B600A0AB35 /* Assets.xcassets in Resources */ = {isa = PBXBuildFile; fileRef = 1FF61AB91E33C8B600A0AB35 /* Assets.xcassets */; };
		1FF61ABD1E33C8B600A0AB35 /* LaunchScreen.storyboard in Resources */ = {isa = PBXBuildFile; fileRef = 1FF61ABB1E33C8B600A0AB35 /* LaunchScreen.storyboard */; };
		1FF61AC81E33C8B700A0AB35 /* helloworldTests.swift in Sources */ = {isa = PBXBuildFile; fileRef = 1FF61AC71E33C8B700A0AB35 /* helloworldTests.swift */; };
		1FF61AD31E33C8B700A0AB35 /* helloworldUITests.swift in Sources */ = {isa = PBXBuildFile; fileRef = 1FF61AD21E33C8B700A0AB35 /* helloworldUITests.swift */; };
/* End PBXBuildFile section */

/* Begin PBXContainerItemProxy section */
		1FF61AC41E33C8B700A0AB35 /* PBXContainerItemProxy */ = {
			isa = PBXContainerItemProxy;
			containerPortal = 1FF61AA41E33C8B600A0AB35 /* Project object */;
			proxyType = 1;
			remoteGlobalIDString = 1FF61AAB1E33C8B600A0AB35;
			remoteInfo = helloworld;
		};
		1FF61ACF1E33C8B700A0AB35 /* PBXContainerItemProxy */ = {
			isa = PBXContainerItemProxy;
			containerPortal = 1FF61AA41E33C8B600A0AB35 /* Project object */;
			proxyType = 1;
			remoteGlobalIDString = 1FF61AAB1E33C8B600A0AB35;
			remoteInfo = helloworld;
		};
/* End PBXContainerItemProxy section */

/* Begin PBXFileReference section */
		1FF61AAC1E33C8B600A0AB35 /* helloworld.app */ = {isa = PBXFileReference; explicitFileType = wrapper.application; includeInIndex = 0; path = helloworld.app; sourceTree = BUILT_PRODUCTS_DIR; };
		1FF61AAF1E33C8B600A0AB35 /* AppDelegate.swift */ = {isa = PBXFileReference; lastKnownFileType = sourcecode.swift; path = AppDelegate.swift; sourceTree = "<group>"; };
		1FF61AB11E33C8B600A0AB35 /* ViewController.swift */ = {isa = PBXFileReference; lastKnownFileType = sourcecode.swift; path = ViewController.swift; sourceTree = "<group>"; };
		1FF61AB41E33C8B600A0AB35 /* Base */ = {isa = PBXFileReference; lastKnownFileType = file.storyboard; name = Base; path = Base.lproj/Main.storyboard; sourceTree = "<group>"; };
		1FF61AB71E33C8B600A0AB35 /* helloworld.xcdatamodel */ = {isa = PBXFileReference; lastKnownFileType = wrapper.xcdatamodel; path = helloworld.xcdatamodel; sourceTree = "<group>"; };
		1FF61AB91E33C8B600A0AB35 /* Assets.xcassets */ = {isa = PBXFileReference; lastKnownFileType = folder.assetcatalog; path = Assets.xcassets; sourceTree = "<group>"; };
		1FF61ABC1E33C8B600A0AB35 /* Base */ = {isa = PBXFileReference; lastKnownFileType = file.storyboard; name = Base; path = Base.lproj/LaunchScreen.storyboard; sourceTree = "<group>"; };
		1FF61ABE1E33C8B600A0AB35 /* Info.plist */ = {isa = PBXFileReference; lastKnownFileType = text.plist.xml; path = Info.plist; sourceTree = "<group>"; };
		1FF61AC31E33C8B700A0AB35 /* helloworldTests.xctest */ = {isa = PBXFileReference; explicitFileType = wrapper.cfbundle; includeInIndex = 0; path = helloworldTests.xctest; sourceTree = BUILT_PRODUCTS_DIR; };
		1FF61AC71E33C8B700A0AB35 /* helloworldTests.swift */ = {isa = PBXFileReference; lastKnownFileType = sourcecode.swift; path = helloworldTests.swift; sourceTree = "<group>"; };
		1FF61AC91E33C8B700A0AB35 /* Info.plist */ = {isa = PBXFileReference; lastKnownFileType = text.plist.xml; path = Info.plist; sourceTree = "<group>"; };
		1FF61ACE1E33C8B700A0AB35 /* helloworldUITests.xctest */ = {isa = PBXFileReference; explicitFileType = wrapper.cfbundle; includeInIndex = 0; path = helloworldUITests.xctest; sourceTree = BUILT_PRODUCTS_DIR; };
		1FF61AD21E33C8B700A0AB35 /* helloworldUITests.swift */ = {isa = PBXFileReference; lastKnownFileType = sourcecode.swift; path = helloworldUITests.swift; sourceTree = "<group>"; };
		1FF61AD41E33C8B700A0AB35 /* Info.plist */ = {isa = PBXFileReference; lastKnownFileType = text.plist.xml; path = Info.plist; sourceTree = "<group>"; };
/* End PBXFileReference section */

/* Begin PBXFrameworksBuildPhase section */
		1FF61AA91E33C8B600A0AB35 /* Frameworks */ = {
			isa = PBXFrameworksBuildPhase;
			buildActionMask = 2147483647;
			files = (
			);
			runOnlyForDeploymentPostprocessing = 0;
		};
		1FF61AC01E33C8B700A0AB35 /* Frameworks */ = {
			isa = PBXFrameworksBuildPhase;
			buildActionMask = 2147483647;
			files = (
			);
			runOnlyForDeploymentPostprocessing = 0;
		};
		1FF61ACB1E33C8B700A0AB35 /* Frameworks */ = {
			isa = PBXFrameworksBuildPhase;
			buildActionMask = 2147483647;
			files = (
			);
			runOnlyForDeploymentPostprocessing = 0;
		};
/* End PBXFrameworksBuildPhase section */

/* Begin PBXGroup section */
		1FF61AA31E33C8B600A0AB35 = {
			isa = PBXGroup;
			children = (
				1FF61AAE1E33C8B600A0AB35 /* helloworld */,
				1FF61AC61E33C8B700A0AB35 /* helloworldTests */,
				1FF61AD11E33C8B700A0AB35 /* helloworldUITests */,
				1FF61AAD1E33C8B600A0AB35 /* Products */,
			);
			sourceTree = "<group>";
		};
		1FF61AAD1E33C8B600A0AB35 /* Products */ = {
			isa = PBXGroup;
			children = (
				1FF61AAC1E33C8B600A0AB35 /* helloworld.app */,
				1FF61AC31E33C8B700A0AB35 /* helloworldTests.xctest */,
				1FF61ACE1E33C8B700A0AB35 /* helloworldUITests.xctest */,
			);
			name = Products;
			sourceTree = "<group>";
		};
		1FF61AAE1E33C8B600A0AB35 /* helloworld */ = {
			isa = PBXGroup;
			children = (
				1FF61AAF1E33C8B600A0AB35 /* AppDelegate.swift */,
				1FF61AB11E33C8B600A0AB35 /* ViewController.swift */,
				1FF61AB31E33C8B600A0AB35 /* Main.storyboard */,
				1FF61AB91E33C8B600A0AB35 /* Assets.xcassets */,
				1FF61ABB1E33C8B600A0AB35 /* LaunchScreen.storyboard */,
				1FF61ABE1E33C8B600A0AB35 /* Info.plist */,
				1FF61AB61E33C8B600A0AB35 /* helloworld.xcdatamodeld */,
			);
			path = helloworld;
			sourceTree = "<group>";
		};
		1FF61AC61E33C8B700A0AB35 /* helloworldTests */ = {
			isa = PBXGroup;
			children = (
				1FF61AC71E33C8B700A0AB35 /* helloworldTests.swift */,
				1FF61AC91E33C8B700A0AB35 /* Info.plist */,
			);
			path = helloworldTests;
			sourceTree = "<group>";
		};
		1FF61AD11E33C8B700A0AB35 /* helloworldUITests */ = {
			isa = PBXGroup;
			children = (
				1FF61AD21E33C8B700A0AB35 /* helloworldUITests.swift */,
				1FF61AD41E33C8B700A0AB35 /* Info.plist */,
			);
			path = helloworldUITests;
			sourceTree = "<group>";
		};
/* End PBXGroup section */

/* Begin PBXNativeTarget section */
		1FF61AAB1E33C8B600A0AB35 /* helloworld */ = {
			isa = PBXNativeTarget;
			buildConfigurationList = 1FF61AD71E33C8B700A0AB35 /* Build configuration list for PBXNativeTarget "helloworld" */;
			buildPhases = (
				1FF61AA81E33C8B600A0AB35 /* Sources */,
				1FF61AA91E33C8B600A0AB35 /* Frameworks */,
				1FF61AAA1E33C8B600A0AB35 /* Resources */,
			);
			buildRules = (
			);
			dependencies = (
			);
			name = helloworld;
			productName = helloworld;
			productReference = 1FF61AAC1E33C8B600A0AB35 /* helloworld.app */;
			productType = "com.apple.product-type.application";
		};
		1FF61AC21E33C8B700A0AB35 /* helloworldTests */ = {
			isa = PBXNativeTarget;
			buildConfigurationList = 1FF61ADA1E33C8B700A0AB35 /* Build configuration list for PBXNativeTarget "helloworldTests" */;
			buildPhases = (
				1FF61ABF1E33C8B700A0AB35 /* Sources */,
				1FF61AC01E33C8B700A0AB35 /* Frameworks */,
				1FF61AC11E33C8B700A0AB35 /* Resources */,
			);
			buildRules = (
			);
			dependencies = (
				1FF61AC51E33C8B700A0AB35 /* PBXTargetDependency */,
			);
			name = helloworldTests;
			productName = helloworldTests;
			productReference = 1FF61AC31E33C8B700A0AB35 /* helloworldTests.xctest */;
			productType = "com.apple.product-type.bundle.unit-test";
		};
		1FF61ACD1E33C8B700A0AB35 /* helloworldUITests */ = {
			isa = PBXNativeTarget;
			buildConfigurationList = 1FF61ADD1E33C8B700A0AB35 /* Build configuration list for PBXNativeTarget "helloworldUITests" */;
			buildPhases = (
				1FF61ACA1E33C8B700A0AB35 /* Sources */,
				1FF61ACB1E33C8B700A0AB35 /* Frameworks */,
				1FF61ACC1E33C8B700A0AB35 /* Resources */,
			);
			buildRules = (
			);
			dependencies = (
				1FF61AD01E33C8B700A0AB35 /* PBXTargetDependency */,
			);
			name = helloworldUITests;
			productName = helloworldUITests;
			productReference = 1FF61ACE1E33C8B700A0AB35 /* helloworldUITests.xctest */;
			productType = "com.apple.product-type.bundle.ui-testing";
		};
/* End PBXNativeTarget section */

/* Begin PBXProject section */
		1FF61AA41E33C8B600A0AB35 /* Project object */ = {
			isa = PBXProject;
			attributes = {
				LastSwiftUpdateCheck = 0820;
				LastUpgradeCheck = 0820;
				ORGANIZATIONNAME = Country.Girls;
				TargetAttributes = {
					1FF61AAB1E33C8B600A0AB35 = {
						CreatedOnToolsVersion = 8.2.1;
						ProvisioningStyle = Automatic;
					};
					1FF61AC21E33C8B700A0AB35 = {
						CreatedOnToolsVersion = 8.2.1;
						ProvisioningStyle = Automatic;
						TestTargetID = 1FF61AAB1E33C8B600A0AB35;
					};
					1FF61ACD1E33C8B700A0AB35 = {
						CreatedOnToolsVersion = 8.2.1;
						ProvisioningStyle = Automatic;
						TestTargetID = 1FF61AAB1E33C8B600A0AB35;
					};
				};
			};
			buildConfigurationList = 1FF61AA71E33C8B600A0AB35 /* Build configuration list for PBXProject "helloworld" */;
			compatibilityVersion = "Xcode 3.2";
			developmentRegion = English;
			hasScannedForEncodings = 0;
			knownRegions = (
				en,
				Base,
			);
			mainGroup = 1FF61AA31E33C8B600A0AB35;
			productRefGroup = 1FF61AAD1E33C8B600A0AB35 /* Products */;
			projectDirPath = "";
			projectRoot = "";
			targets = (
				1FF61AAB1E33C8B600A0AB35 /* helloworld */,
				1FF61AC21E33C8B700A0AB35 /* helloworldTests */,
				1FF61ACD1E33C8B700A0AB35 /* helloworldUITests */,
			);
		};
/* End PBXProject section */

/* Begin PBXResourcesBuildPhase section */
		1FF61AAA1E33C8B600A0AB35 /* Resources */ = {
			isa = PBXResourcesBuildPhase;
			buildActionMask = 2147483647;
			files = (
				1FF61ABD1E33C8B600A0AB35 /* LaunchScreen.storyboard in Resources */,
				1FF61ABA1E33C8B600A0AB35 /* Assets.xcassets in Resources */,
				1FF61AB51E33C8B600A0AB35 /* Main.storyboard in Resources */,
			);
			runOnlyForDeploymentPostprocessing = 0;
		};
		1FF61AC11E33C8B700A0AB35 /* Resources */ = {
			isa = PBXResourcesBuildPhase;
			buildActionMask = 2147483647;
			files = (
			);
			runOnlyForDeploymentPostprocessing = 0;
		};
		1FF61ACC1E33C8B700A0AB35 /* Resources */ = {
			isa = PBXResourcesBuildPhase;
			buildActionMask = 2147483647;
			files = (
			);
			runOnlyForDeploymentPostprocessing = 0;
		};
/* End PBXResourcesBuildPhase section */

/* Begin PBXSourcesBuildPhase section */
		1FF61AA81E33C8B600A0AB35 /* Sources */ = {
			isa = PBXSourcesBuildPhase;
			buildActionMask = 2147483647;
			files = (
				1FF61AB21E33C8B600A0AB35 /* ViewController.swift in Sources */,
				1FF61AB01E33C8B600A0AB35 /* AppDelegate.swift in Sources */,
				1FF61AB81E33C8B600A0AB35 /* helloworld.xcdatamodeld in Sources */,
			);
			runOnlyForDeploymentPostprocessing = 0;
		};
		1FF61ABF1E33C8B700A0AB35 /* Sources */ = {
			isa = PBXSourcesBuildPhase;
			buildActionMask = 2147483647;
			files = (
				1FF61AC81E33C8B700A0AB35 /* helloworldTests.swift in Sources */,
			);
			runOnlyForDeploymentPostprocessing = 0;
		};
		1FF61ACA1E33C8B700A0AB35 /* Sources */ = {
			isa = PBXSourcesBuildPhase;
			buildActionMask = 2147483647;
			files = (
				1FF61AD31E33C8B700A0AB35 /* helloworldUITests.swift in Sources */,
			);
			runOnlyForDeploymentPostprocessing = 0;
		};
/* End PBXSourcesBuildPhase section */

/* Begin PBXTargetDependency section */
		1FF61AC51E33C8B700A0AB35 /* PBXTargetDependency */ = {
			isa = PBXTargetDependency;
			target = 1FF61AAB1E33C8B600A0AB35 /* helloworld */;
			targetProxy = 1FF61AC41E33C8B700A0AB35 /* PBXContainerItemProxy */;
		};
		1FF61AD01E33C8B700A0AB35 /* PBXTargetDependency */ = {
			isa = PBXTargetDependency;
			target = 1FF61AAB1E33C8B600A0AB35 /* helloworld */;
			targetProxy = 1FF61ACF1E33C8B700A0AB35 /* PBXContainerItemProxy */;
		};
/* End PBXTargetDependency section */

/* Begin PBXVariantGroup section */
		1FF61AB31E33C8B600A0AB35 /* Main.storyboard */ = {
			isa = PBXVariantGroup;
			children = (
				1FF61AB41E33C8B600A0AB35 /* Base */,
			);
			name = Main.storyboard;
			sourceTree = "<group>";
		};
		1FF61ABB1E33C8B600A0AB35 /* LaunchScreen.storyboard */ = {
			isa = PBXVariantGroup;
			children = (
				1FF61ABC1E33C8B600A0AB35 /* Base */,
			);
			name = LaunchScreen.storyboard;
			sourceTree = "<group>";
		};
/* End PBXVariantGroup section */

/* Begin XCBuildConfiguration section */
		1FF61AD51E33C8B700A0AB35 /* Debug */ = {
			isa = XCBuildConfiguration;
			buildSettings = {
				ALWAYS_SEARCH_USER_PATHS = NO;
				CLANG_ANALYZER_NONNULL = YES;
				CLANG_CXX_LANGUAGE_STANDARD = "gnu++0x";
				CLANG_CXX_LIBRARY = "libc++";
				CLANG_ENABLE_MODULES = YES;
				CLANG_ENABLE_OBJC_ARC = YES;
				CLANG_WARN_BOOL_CONVERSION = YES;
				CLANG_WARN_CONSTANT_CONVERSION = YES;
				CLANG_WARN_DIRECT_OBJC_ISA_USAGE = YES_ERROR;
				CLANG_WARN_DOCUMENTATION_COMMENTS = YES;
				CLANG_WARN_EMPTY_BODY = YES;
				CLANG_WARN_ENUM_CONVERSION = YES;
				CLANG_WARN_INFINITE_RECURSION = YES;
				CLANG_WARN_INT_CONVERSION = YES;
				CLANG_WARN_OBJC_ROOT_CLASS = YES_ERROR;
				CLANG_WARN_SUSPICIOUS_MOVE = YES;
				CLANG_WARN_UNREACHABLE_CODE = YES;
				CLANG_WARN__DUPLICATE_METHOD_MATCH = YES;
				"CODE_SIGN_IDENTITY[sdk=iphoneos*]" = "iPhone Developer";
				COPY_PHASE_STRIP = NO;
				DEBUG_INFORMATION_FORMAT = dwarf;
				ENABLE_STRICT_OBJC_MSGSEND = YES;
				ENABLE_TESTABILITY = YES;
				GCC_C_LANGUAGE_STANDARD = gnu99;
				GCC_DYNAMIC_NO_PIC = NO;
				GCC_NO_COMMON_BLOCKS = YES;
				GCC_OPTIMIZATION_LEVEL = 0;
				GCC_PREPROCESSOR_DEFINITIONS = (
					"DEBUG=1",
					"$(inherited)",
				);
				GCC_WARN_64_TO_32_BIT_CONVERSION = YES;
				GCC_WARN_ABOUT_RETURN_TYPE = YES_ERROR;
				GCC_WARN_UNDECLARED_SELECTOR = YES;
				GCC_WARN_UNINITIALIZED_AUTOS = YES_AGGRESSIVE;
				GCC_WARN_UNUSED_FUNCTION = YES;
				GCC_WARN_UNUSED_VARIABLE = YES;
				IPHONEOS_DEPLOYMENT_TARGET = 10.2;
				MTL_ENABLE_DEBUG_INFO = YES;
				ONLY_ACTIVE_ARCH = YES;
				SDKROOT = iphoneos;
				SWIFT_ACTIVE_COMPILATION_CONDITIONS = DEBUG;
				SWIFT_OPTIMIZATION_LEVEL = "-Onone";
				TARGETED_DEVICE_FAMILY = "1,2";
			};
			name = Debug;
		};
		1FF61AD61E33C8B700A0AB35 /* Release */ = {
			isa = XCBuildConfiguration;
			buildSettings = {
				ALWAYS_SEARCH_USER_PATHS = NO;
				CLANG_ANALYZER_NONNULL = YES;
				CLANG_CXX_LANGUAGE_STANDARD = "gnu++0x";
				CLANG_CXX_LIBRARY = "libc++";
				CLANG_ENABLE_MODULES = YES;
				CLANG_ENABLE_OBJC_ARC = YES;
				CLANG_WARN_BOOL_CONVERSION = YES;
				CLANG_WARN_CONSTANT_CONVERSION = YES;
				CLANG_WARN_DIRECT_OBJC_ISA_USAGE = YES_ERROR;
				CLANG_WARN_DOCUMENTATION_COMMENTS = YES;
				CLANG_WARN_EMPTY_BODY = YES;
				CLANG_WARN_ENUM_CONVERSION = YES;
				CLANG_WARN_INFINITE_RECURSION = YES;
				CLANG_WARN_INT_CONVERSION = YES;
				CLANG_WARN_OBJC_ROOT_CLASS = YES_ERROR;
				CLANG_WARN_SUSPICIOUS_MOVE = YES;
				CLANG_WARN_UNREACHABLE_CODE = YES;
				CLANG_WARN__DUPLICATE_METHOD_MATCH = YES;
				"CODE_SIGN_IDENTITY[sdk=iphoneos*]" = "iPhone Developer";
				COPY_PHASE_STRIP = NO;
				DEBUG_INFORMATION_FORMAT = "dwarf-with-dsym";
				ENABLE_NS_ASSERTIONS = NO;
				ENABLE_STRICT_OBJC_MSGSEND = YES;
				GCC_C_LANGUAGE_STANDARD = gnu99;
				GCC_NO_COMMON_BLOCKS = YES;
				GCC_WARN_64_TO_32_BIT_CONVERSION = YES;
				GCC_WARN_ABOUT_RETURN_TYPE = YES_ERROR;
				GCC_WARN_UNDECLARED_SELECTOR = YES;
				GCC_WARN_UNINITIALIZED_AUTOS = YES_AGGRESSIVE;
				GCC_WARN_UNUSED_FUNCTION = YES;
				GCC_WARN_UNUSED_VARIABLE = YES;
				IPHONEOS_DEPLOYMENT_TARGET = 10.2;
				MTL_ENABLE_DEBUG_INFO = NO;
				SDKROOT = iphoneos;
				SWIFT_OPTIMIZATION_LEVEL = "-Owholemodule";
				TARGETED_DEVICE_FAMILY = "1,2";
				VALIDATE_PRODUCT = YES;
			};
			name = Release;
		};
		1FF61AD81E33C8B700A0AB35 /* Debug */ = {
			isa = XCBuildConfiguration;
			buildSettings = {
				ASSETCATALOG_COMPILER_APPICON_NAME = AppIcon;
				INFOPLIST_FILE = helloworld/Info.plist;
				LD_RUNPATH_SEARCH_PATHS = "$(inherited) @executable_path/Frameworks";
				PRODUCT_BUNDLE_IDENTIFIER = countrygirls.helloworld;
				PRODUCT_NAME = "$(TARGET_NAME)";
				SWIFT_VERSION = 3.0;
			};
			name = Debug;
		};
		1FF61AD91E33C8B700A0AB35 /* Release */ = {
			isa = XCBuildConfiguration;
			buildSettings = {
				ASSETCATALOG_COMPILER_APPICON_NAME = AppIcon;
				INFOPLIST_FILE = helloworld/Info.plist;
				LD_RUNPATH_SEARCH_PATHS = "$(inherited) @executable_path/Frameworks";
				PRODUCT_BUNDLE_IDENTIFIER = countrygirls.helloworld;
				PRODUCT_NAME = "$(TARGET_NAME)";
				SWIFT_VERSION = 3.0;
			};
			name = Release;
		};
		1FF61ADB1E33C8B700A0AB35 /* Debug */ = {
			isa = XCBuildConfiguration;
			buildSettings = {
				ALWAYS_EMBED_SWIFT_STANDARD_LIBRARIES = YES;
				BUNDLE_LOADER = "$(TEST_HOST)";
				INFOPLIST_FILE = helloworldTests/Info.plist;
				LD_RUNPATH_SEARCH_PATHS = "$(inherited) @executable_path/Frameworks @loader_path/Frameworks";
				PRODUCT_BUNDLE_IDENTIFIER = countrygirls.helloworldTests;
				PRODUCT_NAME = "$(TARGET_NAME)";
				SWIFT_VERSION = 3.0;
				TEST_HOST = "$(BUILT_PRODUCTS_DIR)/helloworld.app/helloworld";
			};
			name = Debug;
		};
		1FF61ADC1E33C8B700A0AB35 /* Release */ = {
			isa = XCBuildConfiguration;
			buildSettings = {
				ALWAYS_EMBED_SWIFT_STANDARD_LIBRARIES = YES;
				BUNDLE_LOADER = "$(TEST_HOST)";
				INFOPLIST_FILE = helloworldTests/Info.plist;
				LD_RUNPATH_SEARCH_PATHS = "$(inherited) @executable_path/Frameworks @loader_path/Frameworks";
				PRODUCT_BUNDLE_IDENTIFIER = countrygirls.helloworldTests;
				PRODUCT_NAME = "$(TARGET_NAME)";
				SWIFT_VERSION = 3.0;
				TEST_HOST = "$(BUILT_PRODUCTS_DIR)/helloworld.app/helloworld";
			};
			name = Release;
		};
		1FF61ADE1E33C8B700A0AB35 /* Debug */ = {
			isa = XCBuildConfiguration;
			buildSettings = {
				ALWAYS_EMBED_SWIFT_STANDARD_LIBRARIES = YES;
				INFOPLIST_FILE = helloworldUITests/Info.plist;
				LD_RUNPATH_SEARCH_PATHS = "$(inherited) @executable_path/Frameworks @loader_path/Frameworks";
				PRODUCT_BUNDLE_IDENTIFIER = countrygirls.helloworldUITests;
				PRODUCT_NAME = "$(TARGET_NAME)";
				SWIFT_VERSION = 3.0;
				TEST_TARGET_NAME = helloworld;
			};
			name = Debug;
		};
		1FF61ADF1E33C8B700A0AB35 /* Release */ = {
			isa = XCBuildConfiguration;
			buildSettings = {
				ALWAYS_EMBED_SWIFT_STANDARD_LIBRARIES = YES;
				INFOPLIST_FILE = helloworldUITests/Info.plist;
				LD_RUNPATH_SEARCH_PATHS = "$(inherited) @executable_path/Frameworks @loader_path/Frameworks";
				PRODUCT_BUNDLE_IDENTIFIER = countrygirls.helloworldUITests;
				PRODUCT_NAME = "$(TARGET_NAME)";
				SWIFT_VERSION = 3.0;
				TEST_TARGET_NAME = helloworld;
			};
			name = Release;
		};
/* End XCBuildConfiguration section */

/* Begin XCConfigurationList section */
		1FF61AA71E33C8B600A0AB35 /* Build configuration list for PBXProject "helloworld" */ = {
			isa = XCConfigurationList;
			buildConfigurations = (
				1FF61AD51E33C8B700A0AB35 /* Debug */,
				1FF61AD61E33C8B700A0AB35 /* Release */,
			);
			defaultConfigurationIsVisible = 0;
			defaultConfigurationName = Release;
		};
		1FF61AD71E33C8B700A0AB35 /* Build configuration list for PBXNativeTarget "helloworld" */ = {
			isa = XCConfigurationList;
			buildConfigurations = (
				1FF61AD81E33C8B700A0AB35 /* Debug */,
				1FF61AD91E33C8B700A0AB35 /* Release */,
			);
			defaultConfigurationIsVisible = 0;
		};
		1FF61ADA1E33C8B700A0AB35 /* Build configuration list for PBXNativeTarget "helloworldTests" */ = {
			isa = XCConfigurationList;
			buildConfigurations = (
				1FF61ADB1E33C8B700A0AB35 /* Debug */,
				1FF61ADC1E33C8B700A0AB35 /* Release */,
			);
			defaultConfigurationIsVisible = 0;
		};
		1FF61ADD1E33C8B700A0AB35 /* Build configuration list for PBXNativeTarget "helloworldUITests" */ = {
			isa = XCConfigurationList;
			buildConfigurations = (
				1FF61ADE1E33C8B700A0AB35 /* Debug */,
				1FF61ADF1E33C8B700A0AB35 /* Release */,
			);
			defaultConfigurationIsVisible = 0;
		};
/* End XCConfigurationList section */

/* Begin XCVersionGroup section */
		1FF61AB61E33C8B600A0AB35 /* helloworld.xcdatamodeld */ = {
			isa = XCVersionGroup;
			children = (
				1FF61AB71E33C8B600A0AB35 /* helloworld.xcdatamodel */,
			);
			currentVersion = 1FF61AB71E33C8B600A0AB35 /* helloworld.xcdatamodel */;
			path = helloworld.xcdatamodeld;
			sourceTree = "<group>";
			versionGroupType = wrapper.xcdatamodel;
		};
/* End XCVersionGroup section */
	};
	rootObject = 1FF61AA41E33C8B600A0AB35 /* Project object */;
}
